
Microsoft Visual Studio Solution File, Format Version 12.00
# Visual Studio Version 17
VisualStudioVersion = 17.2.32602.215
MinimumVisualStudioVersion = 10.0.40219.1
Project("{FAE04EC0-301F-11D3-BF4B-00C04F79EFBC}") = "Kata Session", "Kata Session\Kata Session.csproj", "{A693E4DB-B9E4-4E6A-99FD-E74B8AE29E42}"
EndProject
Global
	GlobalSection(SolutionConfigurationPlatforms) = preSolution
		Debug|Any CPU = Debug|Any CPU
		Release|Any CPU = Release|Any CPU
	EndGlobalSection
	GlobalSection(ProjectConfigurationPlatforms) = postSolution
		{A693E4DB-B9E4-4E6A-99FD-E74B8AE29E42}.Debug|Any CPU.ActiveCfg = Debug|Any CPU
		{A693E4DB-B9E4-4E6A-99FD-E74B8AE29E42}.Debug|Any CPU.Build.0 = Debug|Any CPU
		{A693E4DB-B9E4-4E6A-99FD-E74B8AE29E42}.Release|Any CPU.ActiveCfg = Release|Any CPU
		{A693E4DB-B9E4-4E6A-99FD-E74B8AE29E42}.Release|Any CPU.Build.0 = Release|Any CPU
	EndGlobalSection
	GlobalSection(SolutionProperties) = preSolution
		HideSolutionNode = FALSE
	EndGlobalSection
	GlobalSection(ExtensibilityGlobals) = postSolution
		SolutionGuid = {C757FC88-0B08-49AA-AC15-C665D5F88762}
	EndGlobalSection
EndGlobal
